
Microsoft Visual Studio Solution File, Format Version 12.00
Project("{FAE04EC0-301F-11D3-BF4B-00C04F79EFBC}") = "Task1", "Task1\Task1.csproj", "{E2A13D0D-F5BE-4208-A383-41047DF168C5}"
EndProject
Project("{FAE04EC0-301F-11D3-BF4B-00C04F79EFBC}") = "Task2", "Task2\Task2.csproj", "{CC41D8E8-4705-4C5A-88AA-69E7A1B50A0F}"
EndProject
Project("{FAE04EC0-301F-11D3-BF4B-00C04F79EFBC}") = "Task3", "Task3\Task3.csproj", "{F9677997-9B34-4133-B245-E311A96F92DA}"
EndProject
Project("{FAE04EC0-301F-11D3-BF4B-00C04F79EFBC}") = "Task4", "Task4\Task4.csproj", "{D707E3D0-7360-465F-AB91-BC40EAA8F030}"
EndProject
Project("{FAE04EC0-301F-11D3-BF4B-00C04F79EFBC}") = "Task5", "Task5\Task5.csproj", "{46B6361F-53E6-441B-8D65-183A479B3E2C}"
EndProject
Project("{FAE04EC0-301F-11D3-BF4B-00C04F79EFBC}") = "Task6", "Task6\Task6.csproj", "{92FF20FA-94F3-41AC-A031-078D3221D077}"
EndProject
Project("{FAE04EC0-301F-11D3-BF4B-00C04F79EFBC}") = "Task7", "Task7\Task7.csproj", "{C8AA3230-82DA-40E6-98DD-4190C19DA660}"
EndProject
Project("{FAE04EC0-301F-11D3-BF4B-00C04F79EFBC}") = "Task8", "Task8\Task8.csproj", "{FE0DAB39-82A1-4D39-A446-D368A9B54B85}"
EndProject
Project("{FAE04EC0-301F-11D3-BF4B-00C04F79EFBC}") = "Task9", "Task9\Task9.csproj", "{8CE853C8-14CB-401C-8364-8787F2E5C9E9}"
EndProject
Project("{FAE04EC0-301F-11D3-BF4B-00C04F79EFBC}") = "Task10", "Task10\Task10.csproj", "{F100E89B-C99C-43AE-B41E-2BCFB52AEF3C}"
EndProject
Global
	GlobalSection(SolutionConfigurationPlatforms) = preSolution
		Debug|Any CPU = Debug|Any CPU
		Release|Any CPU = Release|Any CPU
	EndGlobalSection
	GlobalSection(ProjectConfigurationPlatforms) = postSolution
		{E2A13D0D-F5BE-4208-A383-41047DF168C5}.Debug|Any CPU.ActiveCfg = Debug|Any CPU
		{E2A13D0D-F5BE-4208-A383-41047DF168C5}.Debug|Any CPU.Build.0 = Debug|Any CPU
		{E2A13D0D-F5BE-4208-A383-41047DF168C5}.Release|Any CPU.ActiveCfg = Release|Any CPU
		{E2A13D0D-F5BE-4208-A383-41047DF168C5}.Release|Any CPU.Build.0 = Release|Any CPU
		{CC41D8E8-4705-4C5A-88AA-69E7A1B50A0F}.Debug|Any CPU.ActiveCfg = Debug|Any CPU
		{CC41D8E8-4705-4C5A-88AA-69E7A1B50A0F}.Debug|Any CPU.Build.0 = Debug|Any CPU
		{CC41D8E8-4705-4C5A-88AA-69E7A1B50A0F}.Release|Any CPU.ActiveCfg = Release|Any CPU
		{CC41D8E8-4705-4C5A-88AA-69E7A1B50A0F}.Release|Any CPU.Build.0 = Release|Any CPU
		{F9677997-9B34-4133-B245-E311A96F92DA}.Debug|Any CPU.ActiveCfg = Debug|Any CPU
		{F9677997-9B34-4133-B245-E311A96F92DA}.Debug|Any CPU.Build.0 = Debug|Any CPU
		{F9677997-9B34-4133-B245-E311A96F92DA}.Release|Any CPU.ActiveCfg = Release|Any CPU
		{F9677997-9B34-4133-B245-E311A96F92DA}.Release|Any CPU.Build.0 = Release|Any CPU
		{D707E3D0-7360-465F-AB91-BC40EAA8F030}.Debug|Any CPU.ActiveCfg = Debug|Any CPU
		{D707E3D0-7360-465F-AB91-BC40EAA8F030}.Debug|Any CPU.Build.0 = Debug|Any CPU
		{D707E3D0-7360-465F-AB91-BC40EAA8F030}.Release|Any CPU.ActiveCfg = Release|Any CPU
		{D707E3D0-7360-465F-AB91-BC40EAA8F030}.Release|Any CPU.Build.0 = Release|Any CPU
		{46B6361F-53E6-441B-8D65-183A479B3E2C}.Debug|Any CPU.ActiveCfg = Debug|Any CPU
		{46B6361F-53E6-441B-8D65-183A479B3E2C}.Debug|Any CPU.Build.0 = Debug|Any CPU
		{46B6361F-53E6-441B-8D65-183A479B3E2C}.Release|Any CPU.ActiveCfg = Release|Any CPU
		{46B6361F-53E6-441B-8D65-183A479B3E2C}.Release|Any CPU.Build.0 = Release|Any CPU
		{92FF20FA-94F3-41AC-A031-078D3221D077}.Debug|Any CPU.ActiveCfg = Debug|Any CPU
		{92FF20FA-94F3-41AC-A031-078D3221D077}.Debug|Any CPU.Build.0 = Debug|Any CPU
		{92FF20FA-94F3-41AC-A031-078D3221D077}.Release|Any CPU.ActiveCfg = Release|Any CPU
		{92FF20FA-94F3-41AC-A031-078D3221D077}.Release|Any CPU.Build.0 = Release|Any CPU
		{C8AA3230-82DA-40E6-98DD-4190C19DA660}.Debug|Any CPU.ActiveCfg = Debug|Any CPU
		{C8AA3230-82DA-40E6-98DD-4190C19DA660}.Debug|Any CPU.Build.0 = Debug|Any CPU
		{C8AA3230-82DA-40E6-98DD-4190C19DA660}.Release|Any CPU.ActiveCfg = Release|Any CPU
		{C8AA3230-82DA-40E6-98DD-4190C19DA660}.Release|Any CPU.Build.0 = Release|Any CPU
		{FE0DAB39-82A1-4D39-A446-D368A9B54B85}.Debug|Any CPU.ActiveCfg = Debug|Any CPU
		{FE0DAB39-82A1-4D39-A446-D368A9B54B85}.Debug|Any CPU.Build.0 = Debug|Any CPU
		{FE0DAB39-82A1-4D39-A446-D368A9B54B85}.Release|Any CPU.ActiveCfg = Release|Any CPU
		{FE0DAB39-82A1-4D39-A446-D368A9B54B85}.Release|Any CPU.Build.0 = Release|Any CPU
		{8CE853C8-14CB-401C-8364-8787F2E5C9E9}.Debug|Any CPU.ActiveCfg = Debug|Any CPU
		{8CE853C8-14CB-401C-8364-8787F2E5C9E9}.Debug|Any CPU.Build.0 = Debug|Any CPU
		{8CE853C8-14CB-401C-8364-8787F2E5C9E9}.Release|Any CPU.ActiveCfg = Release|Any CPU
		{8CE853C8-14CB-401C-8364-8787F2E5C9E9}.Release|Any CPU.Build.0 = Release|Any CPU
		{F100E89B-C99C-43AE-B41E-2BCFB52AEF3C}.Debug|Any CPU.ActiveCfg = Debug|Any CPU
		{F100E89B-C99C-43AE-B41E-2BCFB52AEF3C}.Debug|Any CPU.Build.0 = Debug|Any CPU
		{F100E89B-C99C-43AE-B41E-2BCFB52AEF3C}.Release|Any CPU.ActiveCfg = Release|Any CPU
		{F100E89B-C99C-43AE-B41E-2BCFB52AEF3C}.Release|Any CPU.Build.0 = Release|Any CPU
	EndGlobalSection
EndGlobal
