
Microsoft Visual Studio Solution File, Format Version 12.00
Project("{FAE04EC0-301F-11D3-BF4B-00C04F79EFBC}") = "TaskA", "TaskA\TaskA.csproj", "{088C742E-41C1-41DB-8EA8-524BF5691586}"
EndProject
Project("{FAE04EC0-301F-11D3-BF4B-00C04F79EFBC}") = "TaskB", "TaskB\TaskB.csproj", "{2E866ECD-EA63-403B-BCC5-EC50C7D12AD1}"
EndProject
Project("{FAE04EC0-301F-11D3-BF4B-00C04F79EFBC}") = "TaskC", "TaskC\TaskC.csproj", "{40AC557F-31F0-4092-AAD0-EA30CA54B831}"
EndProject
Project("{FAE04EC0-301F-11D3-BF4B-00C04F79EFBC}") = "TaskD", "TaskD\TaskD.csproj", "{7CEF9075-C9DE-483D-8EFE-D99666AADD8E}"
EndProject
Project("{FAE04EC0-301F-11D3-BF4B-00C04F79EFBC}") = "TaskE", "TaskE\TaskE.csproj", "{0CDFF0FF-1645-41F1-AC97-C031DB8FDDC0}"
EndProject
Project("{FAE04EC0-301F-11D3-BF4B-00C04F79EFBC}") = "TaskF", "TaskF\TaskF.csproj", "{CC6EE529-7ED9-444E-9CC0-6AE495322285}"
EndProject
Project("{FAE04EC0-301F-11D3-BF4B-00C04F79EFBC}") = "TaskG", "TaskG\TaskG.csproj", "{F092E179-B5ED-4EBA-956D-D03CA4E0C017}"
EndProject
Project("{FAE04EC0-301F-11D3-BF4B-00C04F79EFBC}") = "TaskH", "TaskH\TaskH.csproj", "{78F6DB18-06F5-4A16-9025-09306B09357C}"
EndProject
Project("{FAE04EC0-301F-11D3-BF4B-00C04F79EFBC}") = "TaskI", "TaskI\TaskI.csproj", "{91909631-2421-48D8-80CB-472B45603D07}"
EndProject
Project("{FAE04EC0-301F-11D3-BF4B-00C04F79EFBC}") = "TaskJ", "TaskJ\TaskJ.csproj", "{1A0E2EF2-9344-422E-8EE1-9906B0532EDF}"
EndProject
Global
	GlobalSection(SolutionConfigurationPlatforms) = preSolution
		Debug|Any CPU = Debug|Any CPU
		Release|Any CPU = Release|Any CPU
	EndGlobalSection
	GlobalSection(ProjectConfigurationPlatforms) = postSolution
		{088C742E-41C1-41DB-8EA8-524BF5691586}.Debug|Any CPU.ActiveCfg = Debug|Any CPU
		{088C742E-41C1-41DB-8EA8-524BF5691586}.Debug|Any CPU.Build.0 = Debug|Any CPU
		{088C742E-41C1-41DB-8EA8-524BF5691586}.Release|Any CPU.ActiveCfg = Release|Any CPU
		{088C742E-41C1-41DB-8EA8-524BF5691586}.Release|Any CPU.Build.0 = Release|Any CPU
		{2E866ECD-EA63-403B-BCC5-EC50C7D12AD1}.Debug|Any CPU.ActiveCfg = Debug|Any CPU
		{2E866ECD-EA63-403B-BCC5-EC50C7D12AD1}.Debug|Any CPU.Build.0 = Debug|Any CPU
		{2E866ECD-EA63-403B-BCC5-EC50C7D12AD1}.Release|Any CPU.ActiveCfg = Release|Any CPU
		{2E866ECD-EA63-403B-BCC5-EC50C7D12AD1}.Release|Any CPU.Build.0 = Release|Any CPU
		{40AC557F-31F0-4092-AAD0-EA30CA54B831}.Debug|Any CPU.ActiveCfg = Debug|Any CPU
		{40AC557F-31F0-4092-AAD0-EA30CA54B831}.Debug|Any CPU.Build.0 = Debug|Any CPU
		{40AC557F-31F0-4092-AAD0-EA30CA54B831}.Release|Any CPU.ActiveCfg = Release|Any CPU
		{40AC557F-31F0-4092-AAD0-EA30CA54B831}.Release|Any CPU.Build.0 = Release|Any CPU
		{7CEF9075-C9DE-483D-8EFE-D99666AADD8E}.Debug|Any CPU.ActiveCfg = Debug|Any CPU
		{7CEF9075-C9DE-483D-8EFE-D99666AADD8E}.Debug|Any CPU.Build.0 = Debug|Any CPU
		{7CEF9075-C9DE-483D-8EFE-D99666AADD8E}.Release|Any CPU.ActiveCfg = Release|Any CPU
		{7CEF9075-C9DE-483D-8EFE-D99666AADD8E}.Release|Any CPU.Build.0 = Release|Any CPU
		{0CDFF0FF-1645-41F1-AC97-C031DB8FDDC0}.Debug|Any CPU.ActiveCfg = Debug|Any CPU
		{0CDFF0FF-1645-41F1-AC97-C031DB8FDDC0}.Debug|Any CPU.Build.0 = Debug|Any CPU
		{0CDFF0FF-1645-41F1-AC97-C031DB8FDDC0}.Release|Any CPU.ActiveCfg = Release|Any CPU
		{0CDFF0FF-1645-41F1-AC97-C031DB8FDDC0}.Release|Any CPU.Build.0 = Release|Any CPU
		{CC6EE529-7ED9-444E-9CC0-6AE495322285}.Debug|Any CPU.ActiveCfg = Debug|Any CPU
		{CC6EE529-7ED9-444E-9CC0-6AE495322285}.Debug|Any CPU.Build.0 = Debug|Any CPU
		{CC6EE529-7ED9-444E-9CC0-6AE495322285}.Release|Any CPU.ActiveCfg = Release|Any CPU
		{CC6EE529-7ED9-444E-9CC0-6AE495322285}.Release|Any CPU.Build.0 = Release|Any CPU
		{F092E179-B5ED-4EBA-956D-D03CA4E0C017}.Debug|Any CPU.ActiveCfg = Debug|Any CPU
		{F092E179-B5ED-4EBA-956D-D03CA4E0C017}.Debug|Any CPU.Build.0 = Debug|Any CPU
		{F092E179-B5ED-4EBA-956D-D03CA4E0C017}.Release|Any CPU.ActiveCfg = Release|Any CPU
		{F092E179-B5ED-4EBA-956D-D03CA4E0C017}.Release|Any CPU.Build.0 = Release|Any CPU
		{78F6DB18-06F5-4A16-9025-09306B09357C}.Debug|Any CPU.ActiveCfg = Debug|Any CPU
		{78F6DB18-06F5-4A16-9025-09306B09357C}.Debug|Any CPU.Build.0 = Debug|Any CPU
		{78F6DB18-06F5-4A16-9025-09306B09357C}.Release|Any CPU.ActiveCfg = Release|Any CPU
		{78F6DB18-06F5-4A16-9025-09306B09357C}.Release|Any CPU.Build.0 = Release|Any CPU
		{91909631-2421-48D8-80CB-472B45603D07}.Debug|Any CPU.ActiveCfg = Debug|Any CPU
		{91909631-2421-48D8-80CB-472B45603D07}.Debug|Any CPU.Build.0 = Debug|Any CPU
		{91909631-2421-48D8-80CB-472B45603D07}.Release|Any CPU.ActiveCfg = Release|Any CPU
		{91909631-2421-48D8-80CB-472B45603D07}.Release|Any CPU.Build.0 = Release|Any CPU
		{1A0E2EF2-9344-422E-8EE1-9906B0532EDF}.Debug|Any CPU.ActiveCfg = Debug|Any CPU
		{1A0E2EF2-9344-422E-8EE1-9906B0532EDF}.Debug|Any CPU.Build.0 = Debug|Any CPU
		{1A0E2EF2-9344-422E-8EE1-9906B0532EDF}.Release|Any CPU.ActiveCfg = Release|Any CPU
		{1A0E2EF2-9344-422E-8EE1-9906B0532EDF}.Release|Any CPU.Build.0 = Release|Any CPU
	EndGlobalSection
EndGlobal
